// !$*UTF8*$!
{
	archiveVersion = 1;
	classes = {
	};
	objectVersion = 56;
	objects = {

/* Begin PBXBuildFile section */
		55606A4E29435A43003BD112 /* CategoryCollectionViewCell.swift in Sources */ = {isa = PBXBuildFile; fileRef = 55606A4D29435A43003BD112 /* CategoryCollectionViewCell.swift */; };
		5588451F294B42F4005C969B /* MainCoordinator.swift in Sources */ = {isa = PBXBuildFile; fileRef = 5588451E294B42F4005C969B /* MainCoordinator.swift */; };
		55884522294B4310005C969B /* Storyboarded.swift in Sources */ = {isa = PBXBuildFile; fileRef = 55884521294B4310005C969B /* Storyboarded.swift */; };
		55884524294B431B005C969B /* Coordinator.swift in Sources */ = {isa = PBXBuildFile; fileRef = 55884523294B431B005C969B /* Coordinator.swift */; };
		559881BD294485A5009599D9 /* HotSalesCollectionViewCell.swift in Sources */ = {isa = PBXBuildFile; fileRef = 559881BC294485A5009599D9 /* HotSalesCollectionViewCell.swift */; };
		55E53FE62941BE2D008EFF3E /* AppDelegate.swift in Sources */ = {isa = PBXBuildFile; fileRef = 55E53FE52941BE2D008EFF3E /* AppDelegate.swift */; };
		55E53FEA2941BE2D008EFF3E /* MainViewController.swift in Sources */ = {isa = PBXBuildFile; fileRef = 55E53FE92941BE2D008EFF3E /* MainViewController.swift */; };
		55E53FED2941BE2D008EFF3E /* Main.storyboard in Resources */ = {isa = PBXBuildFile; fileRef = 55E53FEB2941BE2D008EFF3E /* Main.storyboard */; };
		55E53FEF2941BE2E008EFF3E /* Assets.xcassets in Resources */ = {isa = PBXBuildFile; fileRef = 55E53FEE2941BE2E008EFF3E /* Assets.xcassets */; };
		55E53FF22941BE2E008EFF3E /* LaunchScreen.storyboard in Resources */ = {isa = PBXBuildFile; fileRef = 55E53FF02941BE2E008EFF3E /* LaunchScreen.storyboard */; };
/* End PBXBuildFile section */

/* Begin PBXFileReference section */
		55606A4D29435A43003BD112 /* CategoryCollectionViewCell.swift */ = {isa = PBXFileReference; lastKnownFileType = sourcecode.swift; path = CategoryCollectionViewCell.swift; sourceTree = "<group>"; };
		5588451E294B42F4005C969B /* MainCoordinator.swift */ = {isa = PBXFileReference; lastKnownFileType = sourcecode.swift; path = MainCoordinator.swift; sourceTree = "<group>"; };
		55884521294B4310005C969B /* Storyboarded.swift */ = {isa = PBXFileReference; lastKnownFileType = sourcecode.swift; path = Storyboarded.swift; sourceTree = "<group>"; };
		55884523294B431B005C969B /* Coordinator.swift */ = {isa = PBXFileReference; lastKnownFileType = sourcecode.swift; path = Coordinator.swift; sourceTree = "<group>"; };
		559881BC294485A5009599D9 /* HotSalesCollectionViewCell.swift */ = {isa = PBXFileReference; lastKnownFileType = sourcecode.swift; path = HotSalesCollectionViewCell.swift; sourceTree = "<group>"; };
		55E53FE22941BE2D008EFF3E /* EcommerceTestTask.app */ = {isa = PBXFileReference; explicitFileType = wrapper.application; includeInIndex = 0; path = EcommerceTestTask.app; sourceTree = BUILT_PRODUCTS_DIR; };
		55E53FE52941BE2D008EFF3E /* AppDelegate.swift */ = {isa = PBXFileReference; lastKnownFileType = sourcecode.swift; path = AppDelegate.swift; sourceTree = "<group>"; };
		55E53FE92941BE2D008EFF3E /* MainViewController.swift */ = {isa = PBXFileReference; lastKnownFileType = sourcecode.swift; path = MainViewController.swift; sourceTree = "<group>"; };
		55E53FEC2941BE2D008EFF3E /* Base */ = {isa = PBXFileReference; lastKnownFileType = file.storyboard; name = Base; path = Base.lproj/Main.storyboard; sourceTree = "<group>"; };
		55E53FEE2941BE2E008EFF3E /* Assets.xcassets */ = {isa = PBXFileReference; lastKnownFileType = folder.assetcatalog; path = Assets.xcassets; sourceTree = "<group>"; };
		55E53FF12941BE2E008EFF3E /* Base */ = {isa = PBXFileReference; lastKnownFileType = file.storyboard; name = Base; path = Base.lproj/LaunchScreen.storyboard; sourceTree = "<group>"; };
		55E53FF32941BE2E008EFF3E /* Info.plist */ = {isa = PBXFileReference; lastKnownFileType = text.plist.xml; path = Info.plist; sourceTree = "<group>"; };
/* End PBXFileReference section */

/* Begin PBXFrameworksBuildPhase section */
		55E53FDF2941BE2D008EFF3E /* Frameworks */ = {
			isa = PBXFrameworksBuildPhase;
			buildActionMask = 2147483647;
			files = (
			);
			runOnlyForDeploymentPostprocessing = 0;
		};
/* End PBXFrameworksBuildPhase section */

/* Begin PBXGroup section */
		55606A4C29435A1D003BD112 /* View */ = {
			isa = PBXGroup;
			children = (
				55606A4D29435A43003BD112 /* CategoryCollectionViewCell.swift */,
				559881BC294485A5009599D9 /* HotSalesCollectionViewCell.swift */,
			);
			path = View;
			sourceTree = "<group>";
		};
		5588451D294B42D1005C969B /* Coordinator */ = {
			isa = PBXGroup;
			children = (
				55884520294B42F9005C969B /* Protocols */,
				5588451E294B42F4005C969B /* MainCoordinator.swift */,
			);
			path = Coordinator;
			sourceTree = "<group>";
		};
		55884520294B42F9005C969B /* Protocols */ = {
			isa = PBXGroup;
			children = (
				55884521294B4310005C969B /* Storyboarded.swift */,
				55884523294B431B005C969B /* Coordinator.swift */,
			);
			path = Protocols;
			sourceTree = "<group>";
		};
		55E53FD92941BE2D008EFF3E = {
			isa = PBXGroup;
			children = (
				55E53FE42941BE2D008EFF3E /* EcommerceTestTask */,
				55E53FE32941BE2D008EFF3E /* Products */,
			);
			sourceTree = "<group>";
		};
		55E53FE32941BE2D008EFF3E /* Products */ = {
			isa = PBXGroup;
			children = (
				55E53FE22941BE2D008EFF3E /* EcommerceTestTask.app */,
			);
			name = Products;
			sourceTree = "<group>";
		};
		55E53FE42941BE2D008EFF3E /* EcommerceTestTask */ = {
			isa = PBXGroup;
			children = (
				5588451D294B42D1005C969B /* Coordinator */,
				55606A4C29435A1D003BD112 /* View */,
				55E53FE52941BE2D008EFF3E /* AppDelegate.swift */,
				55E53FE92941BE2D008EFF3E /* MainViewController.swift */,
				55E53FEB2941BE2D008EFF3E /* Main.storyboard */,
				55E53FEE2941BE2E008EFF3E /* Assets.xcassets */,
				55E53FF02941BE2E008EFF3E /* LaunchScreen.storyboard */,
				55E53FF32941BE2E008EFF3E /* Info.plist */,
			);
			path = EcommerceTestTask;
			sourceTree = "<group>";
		};
/* End PBXGroup section */

/* Begin PBXNativeTarget section */
		55E53FE12941BE2D008EFF3E /* EcommerceTestTask */ = {
			isa = PBXNativeTarget;
			buildConfigurationList = 55E53FF62941BE2E008EFF3E /* Build configuration list for PBXNativeTarget "EcommerceTestTask" */;
			buildPhases = (
				55E53FDE2941BE2D008EFF3E /* Sources */,
				55E53FDF2941BE2D008EFF3E /* Frameworks */,
				55E53FE02941BE2D008EFF3E /* Resources */,
			);
			buildRules = (
			);
			dependencies = (
			);
			name = EcommerceTestTask;
			productName = EcommerceTestTask;
			productReference = 55E53FE22941BE2D008EFF3E /* EcommerceTestTask.app */;
			productType = "com.apple.product-type.application";
		};
/* End PBXNativeTarget section */

/* Begin PBXProject section */
		55E53FDA2941BE2D008EFF3E /* Project object */ = {
			isa = PBXProject;
			attributes = {
				BuildIndependentTargetsInParallel = 1;
				LastSwiftUpdateCheck = 1410;
				LastUpgradeCheck = 1410;
				TargetAttributes = {
					55E53FE12941BE2D008EFF3E = {
						CreatedOnToolsVersion = 14.1;
					};
				};
			};
			buildConfigurationList = 55E53FDD2941BE2D008EFF3E /* Build configuration list for PBXProject "EcommerceTestTask" */;
			compatibilityVersion = "Xcode 14.0";
			developmentRegion = en;
			hasScannedForEncodings = 0;
			knownRegions = (
				en,
				Base,
			);
			mainGroup = 55E53FD92941BE2D008EFF3E;
			productRefGroup = 55E53FE32941BE2D008EFF3E /* Products */;
			projectDirPath = "";
			projectRoot = "";
			targets = (
				55E53FE12941BE2D008EFF3E /* EcommerceTestTask */,
			);
		};
/* End PBXProject section */

/* Begin PBXResourcesBuildPhase section */
		55E53FE02941BE2D008EFF3E /* Resources */ = {
			isa = PBXResourcesBuildPhase;
			buildActionMask = 2147483647;
			files = (
				55E53FF22941BE2E008EFF3E /* LaunchScreen.storyboard in Resources */,
				55E53FEF2941BE2E008EFF3E /* Assets.xcassets in Resources */,
				55E53FED2941BE2D008EFF3E /* Main.storyboard in Resources */,
			);
			runOnlyForDeploymentPostprocessing = 0;
		};
/* End PBXResourcesBuildPhase section */

/* Begin PBXSourcesBuildPhase section */
		55E53FDE2941BE2D008EFF3E /* Sources */ = {
			isa = PBXSourcesBuildPhase;
			buildActionMask = 2147483647;
			files = (
				55884524294B431B005C969B /* Coordinator.swift in Sources */,
				55606A4E29435A43003BD112 /* CategoryCollectionViewCell.swift in Sources */,
				5588451F294B42F4005C969B /* MainCoordinator.swift in Sources */,
				55E53FEA2941BE2D008EFF3E /* MainViewController.swift in Sources */,
				55E53FE62941BE2D008EFF3E /* AppDelegate.swift in Sources */,
				559881BD294485A5009599D9 /* HotSalesCollectionViewCell.swift in Sources */,
				55884522294B4310005C969B /* Storyboarded.swift in Sources */,
			);
			runOnlyForDeploymentPostprocessing = 0;
		};
/* End PBXSourcesBuildPhase section */

/* Begin PBXVariantGroup section */
		55E53FEB2941BE2D008EFF3E /* Main.storyboard */ = {
			isa = PBXVariantGroup;
			children = (
				55E53FEC2941BE2D008EFF3E /* Base */,
			);
			name = Main.storyboard;
			sourceTree = "<group>";
		};
		55E53FF02941BE2E008EFF3E /* LaunchScreen.storyboard */ = {
			isa = PBXVariantGroup;
			children = (
				55E53FF12941BE2E008EFF3E /* Base */,
			);
			name = LaunchScreen.storyboard;
			sourceTree = "<group>";
		};
/* End PBXVariantGroup section */

/* Begin XCBuildConfiguration section */
		55E53FF42941BE2E008EFF3E /* Debug */ = {
			isa = XCBuildConfiguration;
			buildSettings = {
				ALWAYS_SEARCH_USER_PATHS = NO;
				CLANG_ANALYZER_NONNULL = YES;
				CLANG_ANALYZER_NUMBER_OBJECT_CONVERSION = YES_AGGRESSIVE;
				CLANG_CXX_LANGUAGE_STANDARD = "gnu++20";
				CLANG_ENABLE_MODULES = YES;
				CLANG_ENABLE_OBJC_ARC = YES;
				CLANG_ENABLE_OBJC_WEAK = YES;
				CLANG_WARN_BLOCK_CAPTURE_AUTORELEASING = YES;
				CLANG_WARN_BOOL_CONVERSION = YES;
				CLANG_WARN_COMMA = YES;
				CLANG_WARN_CONSTANT_CONVERSION = YES;
				CLANG_WARN_DEPRECATED_OBJC_IMPLEMENTATIONS = YES;
				CLANG_WARN_DIRECT_OBJC_ISA_USAGE = YES_ERROR;
				CLANG_WARN_DOCUMENTATION_COMMENTS = YES;
				CLANG_WARN_EMPTY_BODY = YES;
				CLANG_WARN_ENUM_CONVERSION = YES;
				CLANG_WARN_INFINITE_RECURSION = YES;
				CLANG_WARN_INT_CONVERSION = YES;
				CLANG_WARN_NON_LITERAL_NULL_CONVERSION = YES;
				CLANG_WARN_OBJC_IMPLICIT_RETAIN_SELF = YES;
				CLANG_WARN_OBJC_LITERAL_CONVERSION = YES;
				CLANG_WARN_OBJC_ROOT_CLASS = YES_ERROR;
				CLANG_WARN_QUOTED_INCLUDE_IN_FRAMEWORK_HEADER = YES;
				CLANG_WARN_RANGE_LOOP_ANALYSIS = YES;
				CLANG_WARN_STRICT_PROTOTYPES = YES;
				CLANG_WARN_SUSPICIOUS_MOVE = YES;
				CLANG_WARN_UNGUARDED_AVAILABILITY = YES_AGGRESSIVE;
				CLANG_WARN_UNREACHABLE_CODE = YES;
				CLANG_WARN__DUPLICATE_METHOD_MATCH = YES;
				COPY_PHASE_STRIP = NO;
				DEBUG_INFORMATION_FORMAT = dwarf;
				ENABLE_STRICT_OBJC_MSGSEND = YES;
				ENABLE_TESTABILITY = YES;
				GCC_C_LANGUAGE_STANDARD = gnu11;
				GCC_DYNAMIC_NO_PIC = NO;
				GCC_NO_COMMON_BLOCKS = YES;
				GCC_OPTIMIZATION_LEVEL = 0;
				GCC_PREPROCESSOR_DEFINITIONS = (
					"DEBUG=1",
					"$(inherited)",
				);
				GCC_WARN_64_TO_32_BIT_CONVERSION = YES;
				GCC_WARN_ABOUT_RETURN_TYPE = YES_ERROR;
				GCC_WARN_UNDECLARED_SELECTOR = YES;
				GCC_WARN_UNINITIALIZED_AUTOS = YES_AGGRESSIVE;
				GCC_WARN_UNUSED_FUNCTION = YES;
				GCC_WARN_UNUSED_VARIABLE = YES;
				IPHONEOS_DEPLOYMENT_TARGET = 16.1;
				MTL_ENABLE_DEBUG_INFO = INCLUDE_SOURCE;
				MTL_FAST_MATH = YES;
				ONLY_ACTIVE_ARCH = YES;
				SDKROOT = iphoneos;
				SWIFT_ACTIVE_COMPILATION_CONDITIONS = DEBUG;
				SWIFT_OPTIMIZATION_LEVEL = "-Onone";
			};
			name = Debug;
		};
		55E53FF52941BE2E008EFF3E /* Release */ = {
			isa = XCBuildConfiguration;
			buildSettings = {
				ALWAYS_SEARCH_USER_PATHS = NO;
				CLANG_ANALYZER_NONNULL = YES;
				CLANG_ANALYZER_NUMBER_OBJECT_CONVERSION = YES_AGGRESSIVE;
				CLANG_CXX_LANGUAGE_STANDARD = "gnu++20";
				CLANG_ENABLE_MODULES = YES;
				CLANG_ENABLE_OBJC_ARC = YES;
				CLANG_ENABLE_OBJC_WEAK = YES;
				CLANG_WARN_BLOCK_CAPTURE_AUTORELEASING = YES;
				CLANG_WARN_BOOL_CONVERSION = YES;
				CLANG_WARN_COMMA = YES;
				CLANG_WARN_CONSTANT_CONVERSION = YES;
				CLANG_WARN_DEPRECATED_OBJC_IMPLEMENTATIONS = YES;
				CLANG_WARN_DIRECT_OBJC_ISA_USAGE = YES_ERROR;
				CLANG_WARN_DOCUMENTATION_COMMENTS = YES;
				CLANG_WARN_EMPTY_BODY = YES;
				CLANG_WARN_ENUM_CONVERSION = YES;
				CLANG_WARN_INFINITE_RECURSION = YES;
				CLANG_WARN_INT_CONVERSION = YES;
				CLANG_WARN_NON_LITERAL_NULL_CONVERSION = YES;
				CLANG_WARN_OBJC_IMPLICIT_RETAIN_SELF = YES;
				CLANG_WARN_OBJC_LITERAL_CONVERSION = YES;
				CLANG_WARN_OBJC_ROOT_CLASS = YES_ERROR;
				CLANG_WARN_QUOTED_INCLUDE_IN_FRAMEWORK_HEADER = YES;
				CLANG_WARN_RANGE_LOOP_ANALYSIS = YES;
				CLANG_WARN_STRICT_PROTOTYPES = YES;
				CLANG_WARN_SUSPICIOUS_MOVE = YES;
				CLANG_WARN_UNGUARDED_AVAILABILITY = YES_AGGRESSIVE;
				CLANG_WARN_UNREACHABLE_CODE = YES;
				CLANG_WARN__DUPLICATE_METHOD_MATCH = YES;
				COPY_PHASE_STRIP = NO;
				DEBUG_INFORMATION_FORMAT = "dwarf-with-dsym";
				ENABLE_NS_ASSERTIONS = NO;
				ENABLE_STRICT_OBJC_MSGSEND = YES;
				GCC_C_LANGUAGE_STANDARD = gnu11;
				GCC_NO_COMMON_BLOCKS = YES;
				GCC_WARN_64_TO_32_BIT_CONVERSION = YES;
				GCC_WARN_ABOUT_RETURN_TYPE = YES_ERROR;
				GCC_WARN_UNDECLARED_SELECTOR = YES;
				GCC_WARN_UNINITIALIZED_AUTOS = YES_AGGRESSIVE;
				GCC_WARN_UNUSED_FUNCTION = YES;
				GCC_WARN_UNUSED_VARIABLE = YES;
				IPHONEOS_DEPLOYMENT_TARGET = 16.1;
				MTL_ENABLE_DEBUG_INFO = NO;
				MTL_FAST_MATH = YES;
				SDKROOT = iphoneos;
				SWIFT_COMPILATION_MODE = wholemodule;
				SWIFT_OPTIMIZATION_LEVEL = "-O";
				VALIDATE_PRODUCT = YES;
			};
			name = Release;
		};
		55E53FF72941BE2E008EFF3E /* Debug */ = {
			isa = XCBuildConfiguration;
			buildSettings = {
				ASSETCATALOG_COMPILER_APPICON_NAME = AppIcon;
				ASSETCATALOG_COMPILER_GLOBAL_ACCENT_COLOR_NAME = AccentColor;
				CODE_SIGN_STYLE = Automatic;
				CURRENT_PROJECT_VERSION = 1;
				DEVELOPMENT_TEAM = T5LT7XRVG2;
				GENERATE_INFOPLIST_FILE = YES;
				INFOPLIST_FILE = EcommerceTestTask/Info.plist;
				INFOPLIST_KEY_UIApplicationSupportsIndirectInputEvents = YES;
				INFOPLIST_KEY_UILaunchStoryboardName = LaunchScreen;
				INFOPLIST_KEY_UIMainStoryboardFile = "";
				INFOPLIST_KEY_UISupportedInterfaceOrientations_iPad = "UIInterfaceOrientationPortrait UIInterfaceOrientationPortraitUpsideDown UIInterfaceOrientationLandscapeLeft UIInterfaceOrientationLandscapeRight";
				INFOPLIST_KEY_UISupportedInterfaceOrientations_iPhone = "UIInterfaceOrientationPortrait UIInterfaceOrientationLandscapeLeft UIInterfaceOrientationLandscapeRight";
				IPHONEOS_DEPLOYMENT_TARGET = 13.0;
				LD_RUNPATH_SEARCH_PATHS = (
					"$(inherited)",
					"@executable_path/Frameworks",
				);
				MARKETING_VERSION = 1.0;
				PRODUCT_BUNDLE_IDENTIFIER = "-000-.EcommerceTestTask";
				PRODUCT_NAME = "$(TARGET_NAME)";
				SWIFT_EMIT_LOC_STRINGS = YES;
				SWIFT_VERSION = 5.0;
				TARGETED_DEVICE_FAMILY = "1,2";
			};
			name = Debug;
		};
		55E53FF82941BE2E008EFF3E /* Release */ = {
			isa = XCBuildConfiguration;
			buildSettings = {
				ASSETCATALOG_COMPILER_APPICON_NAME = AppIcon;
				ASSETCATALOG_COMPILER_GLOBAL_ACCENT_COLOR_NAME = AccentColor;
				CODE_SIGN_STYLE = Automatic;
				CURRENT_PROJECT_VERSION = 1;
				DEVELOPMENT_TEAM = T5LT7XRVG2;
				GENERATE_INFOPLIST_FILE = YES;
				INFOPLIST_FILE = EcommerceTestTask/Info.plist;
				INFOPLIST_KEY_UIApplicationSupportsIndirectInputEvents = YES;
				INFOPLIST_KEY_UILaunchStoryboardName = LaunchScreen;
				INFOPLIST_KEY_UIMainStoryboardFile = "";
				INFOPLIST_KEY_UISupportedInterfaceOrientations_iPad = "UIInterfaceOrientationPortrait UIInterfaceOrientationPortraitUpsideDown UIInterfaceOrientationLandscapeLeft UIInterfaceOrientationLandscapeRight";
				INFOPLIST_KEY_UISupportedInterfaceOrientations_iPhone = "UIInterfaceOrientationPortrait UIInterfaceOrientationLandscapeLeft UIInterfaceOrientationLandscapeRight";
				IPHONEOS_DEPLOYMENT_TARGET = 13.0;
				LD_RUNPATH_SEARCH_PATHS = (
					"$(inherited)",
					"@executable_path/Frameworks",
				);
				MARKETING_VERSION = 1.0;
				PRODUCT_BUNDLE_IDENTIFIER = "-000-.EcommerceTestTask";
				PRODUCT_NAME = "$(TARGET_NAME)";
				SWIFT_EMIT_LOC_STRINGS = YES;
				SWIFT_VERSION = 5.0;
				TARGETED_DEVICE_FAMILY = "1,2";
			};
			name = Release;
		};
/* End XCBuildConfiguration section */

/* Begin XCConfigurationList section */
		55E53FDD2941BE2D008EFF3E /* Build configuration list for PBXProject "EcommerceTestTask" */ = {
			isa = XCConfigurationList;
			buildConfigurations = (
				55E53FF42941BE2E008EFF3E /* Debug */,
				55E53FF52941BE2E008EFF3E /* Release */,
			);
			defaultConfigurationIsVisible = 0;
			defaultConfigurationName = Release;
		};
		55E53FF62941BE2E008EFF3E /* Build configuration list for PBXNativeTarget "EcommerceTestTask" */ = {
			isa = XCConfigurationList;
			buildConfigurations = (
				55E53FF72941BE2E008EFF3E /* Debug */,
				55E53FF82941BE2E008EFF3E /* Release */,
			);
			defaultConfigurationIsVisible = 0;
			defaultConfigurationName = Release;
		};
/* End XCConfigurationList section */
	};
	rootObject = 55E53FDA2941BE2D008EFF3E /* Project object */;
}
